
Microsoft Visual Studio Solution File, Format Version 12.00
# Visual Studio Version 17
VisualStudioVersion = 17.11.35312.102
MinimumVisualStudioVersion = 10.0.40219.1
Project("{9A19103F-16F7-4668-BE54-9A1E7A4F7556}") = "Lab07_1", "Lab07_1\Lab07_1.csproj", "{2A3E9302-7F4B-4335-B062-CFE17DE1291F}"
EndProject
Project("{FAE04EC0-301F-11D3-BF4B-00C04F79EFBC}") = "Lab07_2", "Lab07_2\Lab07_2.csproj", "{43B21645-1FA9-4C7D-882A-1FC98E4479B6}"
EndProject
Project("{FAE04EC0-301F-11D3-BF4B-00C04F79EFBC}") = "Lab07_3", "Lab07_3\Lab07_3.csproj", "{73DA7B37-A6CB-4412-A8EA-5C8C692A5143}"
EndProject
Project("{FAE04EC0-301F-11D3-BF4B-00C04F79EFBC}") = "Lab07_4", "Lab07_4\Lab07_4.csproj", "{99ED4779-A436-48F2-8964-16B02ED1AE42}"
EndProject
Project("{FAE04EC0-301F-11D3-BF4B-00C04F79EFBC}") = "Lab07_5", "Lab07_5\Lab07_5.csproj", "{1635C7D4-72C6-454D-8CFB-98AB36B7CFC9}"
EndProject
Project("{FAE04EC0-301F-11D3-BF4B-00C04F79EFBC}") = "Lab07_6", "Lab07_6\Lab07_6.csproj", "{566A0E34-A83E-4511-B968-44E4703B239C}"
EndProject
Project("{FAE04EC0-301F-11D3-BF4B-00C04F79EFBC}") = "Lab07_7", "Lab07_7\Lab07_7.csproj", "{82536271-3E35-4002-B03E-F6367EB6BAEA}"
EndProject
Project("{FAE04EC0-301F-11D3-BF4B-00C04F79EFBC}") = "Lab07_8", "Lab07_8\Lab07_8.csproj", "{19789FF0-948A-4CAE-81B4-2E1F594E9712}"
EndProject
Global
	GlobalSection(SolutionConfigurationPlatforms) = preSolution
		Debug|Any CPU = Debug|Any CPU
		Release|Any CPU = Release|Any CPU
	EndGlobalSection
	GlobalSection(ProjectConfigurationPlatforms) = postSolution
		{2A3E9302-7F4B-4335-B062-CFE17DE1291F}.Debug|Any CPU.ActiveCfg = Debug|Any CPU
		{2A3E9302-7F4B-4335-B062-CFE17DE1291F}.Debug|Any CPU.Build.0 = Debug|Any CPU
		{2A3E9302-7F4B-4335-B062-CFE17DE1291F}.Release|Any CPU.ActiveCfg = Release|Any CPU
		{2A3E9302-7F4B-4335-B062-CFE17DE1291F}.Release|Any CPU.Build.0 = Release|Any CPU
		{43B21645-1FA9-4C7D-882A-1FC98E4479B6}.Debug|Any CPU.ActiveCfg = Debug|Any CPU
		{43B21645-1FA9-4C7D-882A-1FC98E4479B6}.Debug|Any CPU.Build.0 = Debug|Any CPU
		{43B21645-1FA9-4C7D-882A-1FC98E4479B6}.Release|Any CPU.ActiveCfg = Release|Any CPU
		{43B21645-1FA9-4C7D-882A-1FC98E4479B6}.Release|Any CPU.Build.0 = Release|Any CPU
		{73DA7B37-A6CB-4412-A8EA-5C8C692A5143}.Debug|Any CPU.ActiveCfg = Debug|Any CPU
		{73DA7B37-A6CB-4412-A8EA-5C8C692A5143}.Debug|Any CPU.Build.0 = Debug|Any CPU
		{73DA7B37-A6CB-4412-A8EA-5C8C692A5143}.Release|Any CPU.ActiveCfg = Release|Any CPU
		{73DA7B37-A6CB-4412-A8EA-5C8C692A5143}.Release|Any CPU.Build.0 = Release|Any CPU
		{99ED4779-A436-48F2-8964-16B02ED1AE42}.Debug|Any CPU.ActiveCfg = Debug|Any CPU
		{99ED4779-A436-48F2-8964-16B02ED1AE42}.Debug|Any CPU.Build.0 = Debug|Any CPU
		{99ED4779-A436-48F2-8964-16B02ED1AE42}.Release|Any CPU.ActiveCfg = Release|Any CPU
		{99ED4779-A436-48F2-8964-16B02ED1AE42}.Release|Any CPU.Build.0 = Release|Any CPU
		{1635C7D4-72C6-454D-8CFB-98AB36B7CFC9}.Debug|Any CPU.ActiveCfg = Debug|Any CPU
		{1635C7D4-72C6-454D-8CFB-98AB36B7CFC9}.Debug|Any CPU.Build.0 = Debug|Any CPU
		{1635C7D4-72C6-454D-8CFB-98AB36B7CFC9}.Release|Any CPU.ActiveCfg = Release|Any CPU
		{1635C7D4-72C6-454D-8CFB-98AB36B7CFC9}.Release|Any CPU.Build.0 = Release|Any CPU
		{566A0E34-A83E-4511-B968-44E4703B239C}.Debug|Any CPU.ActiveCfg = Debug|Any CPU
		{566A0E34-A83E-4511-B968-44E4703B239C}.Debug|Any CPU.Build.0 = Debug|Any CPU
		{566A0E34-A83E-4511-B968-44E4703B239C}.Release|Any CPU.ActiveCfg = Release|Any CPU
		{566A0E34-A83E-4511-B968-44E4703B239C}.Release|Any CPU.Build.0 = Release|Any CPU
		{82536271-3E35-4002-B03E-F6367EB6BAEA}.Debug|Any CPU.ActiveCfg = Debug|Any CPU
		{82536271-3E35-4002-B03E-F6367EB6BAEA}.Debug|Any CPU.Build.0 = Debug|Any CPU
		{82536271-3E35-4002-B03E-F6367EB6BAEA}.Release|Any CPU.ActiveCfg = Release|Any CPU
		{82536271-3E35-4002-B03E-F6367EB6BAEA}.Release|Any CPU.Build.0 = Release|Any CPU
		{19789FF0-948A-4CAE-81B4-2E1F594E9712}.Debug|Any CPU.ActiveCfg = Debug|Any CPU
		{19789FF0-948A-4CAE-81B4-2E1F594E9712}.Debug|Any CPU.Build.0 = Debug|Any CPU
		{19789FF0-948A-4CAE-81B4-2E1F594E9712}.Release|Any CPU.ActiveCfg = Release|Any CPU
		{19789FF0-948A-4CAE-81B4-2E1F594E9712}.Release|Any CPU.Build.0 = Release|Any CPU
	EndGlobalSection
	GlobalSection(SolutionProperties) = preSolution
		HideSolutionNode = FALSE
	EndGlobalSection
	GlobalSection(ExtensibilityGlobals) = postSolution
		SolutionGuid = {B07A47AE-C1CB-442D-9D7D-CD1BBAE8933F}
	EndGlobalSection
EndGlobal
