
Microsoft Visual Studio Solution File, Format Version 12.00
# Visual Studio Version 17
VisualStudioVersion = 17.11.35312.102
MinimumVisualStudioVersion = 10.0.40219.1
Project("{FAE04EC0-301F-11D3-BF4B-00C04F79EFBC}") = "Lab02_1", "Lab02_1\Lab02_1.csproj", "{716E4728-F87B-4C6C-993B-B86726D11E34}"
EndProject
Project("{FAE04EC0-301F-11D3-BF4B-00C04F79EFBC}") = "Lab02_2", "Lab02_2\Lab02_2.csproj", "{1077885E-44F5-4E75-977B-E4845E303388}"
EndProject
Project("{FAE04EC0-301F-11D3-BF4B-00C04F79EFBC}") = "Lab02_3", "Lab02_3\Lab02_3.csproj", "{79AFC236-E3AE-4C20-8ADA-590A8EBF9413}"
EndProject
Project("{FAE04EC0-301F-11D3-BF4B-00C04F79EFBC}") = "Lab02_4", "Lab02_4\Lab02_4.csproj", "{B60C905E-2B60-4F11-85AA-65CC7C132986}"
EndProject
Project("{FAE04EC0-301F-11D3-BF4B-00C04F79EFBC}") = "Lab02_5", "Lab02_5\Lab02_5.csproj", "{D69BE12A-7301-4DD8-A91A-76ADEFD1B20F}"
EndProject
Project("{FAE04EC0-301F-11D3-BF4B-00C04F79EFBC}") = "Lab02_6", "Lab02_6\Lab02_6.csproj", "{05F2CA99-6C9A-4F6F-9AC3-3A7E17A1D0AC}"
EndProject
Project("{FAE04EC0-301F-11D3-BF4B-00C04F79EFBC}") = "Lab02_7", "Lab02_7\Lab02_7.csproj", "{559D0CA6-2876-4914-BA01-25365DF72F82}"
EndProject
Project("{FAE04EC0-301F-11D3-BF4B-00C04F79EFBC}") = "Lab02_8", "Lab02_8\Lab02_8.csproj", "{C9EDCC32-F8F5-47A5-B8FD-1633D9140FD3}"
EndProject
Project("{FAE04EC0-301F-11D3-BF4B-00C04F79EFBC}") = "Lab02_9", "Lab02_9\Lab02_9.csproj", "{E96A0F94-57DF-4103-B6A8-8208D0C5A4A4}"
EndProject
Project("{FAE04EC0-301F-11D3-BF4B-00C04F79EFBC}") = "Lab02_10", "Lab02_10\Lab02_10.csproj", "{EEF10F97-54E5-4932-8084-EB80794DD232}"
EndProject
Project("{FAE04EC0-301F-11D3-BF4B-00C04F79EFBC}") = "Lab02_11", "Lab02_11\Lab02_11.csproj", "{CEDD8E9D-88AD-49BD-A2DC-25CC0B1AAD22}"
EndProject
Project("{FAE04EC0-301F-11D3-BF4B-00C04F79EFBC}") = "Lab02_13", "Lab02_13\Lab02_13.csproj", "{F7047F72-F320-4639-B9B6-AA4C67A0507B}"
EndProject
Project("{FAE04EC0-301F-11D3-BF4B-00C04F79EFBC}") = "Lab02_14", "Lab02_14\Lab02_14.csproj", "{431A5D26-2791-4AE3-945C-E4C5BA056E7E}"
EndProject
Project("{FAE04EC0-301F-11D3-BF4B-00C04F79EFBC}") = "Lab02_0", "Lab02_0\Lab02_0.csproj", "{96277948-E757-467A-9AC4-1F4892DC1F4B}"
EndProject
Project("{FAE04EC0-301F-11D3-BF4B-00C04F79EFBC}") = "Lab02_12", "Lab02_12\Lab02_12.csproj", "{62DB2D81-D2B5-408C-B358-2461E93589D6}"
EndProject
Global
	GlobalSection(SolutionConfigurationPlatforms) = preSolution
		Debug|Any CPU = Debug|Any CPU
		Release|Any CPU = Release|Any CPU
	EndGlobalSection
	GlobalSection(ProjectConfigurationPlatforms) = postSolution
		{716E4728-F87B-4C6C-993B-B86726D11E34}.Debug|Any CPU.ActiveCfg = Debug|Any CPU
		{716E4728-F87B-4C6C-993B-B86726D11E34}.Debug|Any CPU.Build.0 = Debug|Any CPU
		{716E4728-F87B-4C6C-993B-B86726D11E34}.Release|Any CPU.ActiveCfg = Release|Any CPU
		{716E4728-F87B-4C6C-993B-B86726D11E34}.Release|Any CPU.Build.0 = Release|Any CPU
		{1077885E-44F5-4E75-977B-E4845E303388}.Debug|Any CPU.ActiveCfg = Debug|Any CPU
		{1077885E-44F5-4E75-977B-E4845E303388}.Debug|Any CPU.Build.0 = Debug|Any CPU
		{1077885E-44F5-4E75-977B-E4845E303388}.Release|Any CPU.ActiveCfg = Release|Any CPU
		{1077885E-44F5-4E75-977B-E4845E303388}.Release|Any CPU.Build.0 = Release|Any CPU
		{79AFC236-E3AE-4C20-8ADA-590A8EBF9413}.Debug|Any CPU.ActiveCfg = Debug|Any CPU
		{79AFC236-E3AE-4C20-8ADA-590A8EBF9413}.Debug|Any CPU.Build.0 = Debug|Any CPU
		{79AFC236-E3AE-4C20-8ADA-590A8EBF9413}.Release|Any CPU.ActiveCfg = Release|Any CPU
		{79AFC236-E3AE-4C20-8ADA-590A8EBF9413}.Release|Any CPU.Build.0 = Release|Any CPU
		{B60C905E-2B60-4F11-85AA-65CC7C132986}.Debug|Any CPU.ActiveCfg = Debug|Any CPU
		{B60C905E-2B60-4F11-85AA-65CC7C132986}.Debug|Any CPU.Build.0 = Debug|Any CPU
		{B60C905E-2B60-4F11-85AA-65CC7C132986}.Release|Any CPU.ActiveCfg = Release|Any CPU
		{B60C905E-2B60-4F11-85AA-65CC7C132986}.Release|Any CPU.Build.0 = Release|Any CPU
		{D69BE12A-7301-4DD8-A91A-76ADEFD1B20F}.Debug|Any CPU.ActiveCfg = Debug|Any CPU
		{D69BE12A-7301-4DD8-A91A-76ADEFD1B20F}.Debug|Any CPU.Build.0 = Debug|Any CPU
		{D69BE12A-7301-4DD8-A91A-76ADEFD1B20F}.Release|Any CPU.ActiveCfg = Release|Any CPU
		{D69BE12A-7301-4DD8-A91A-76ADEFD1B20F}.Release|Any CPU.Build.0 = Release|Any CPU
		{05F2CA99-6C9A-4F6F-9AC3-3A7E17A1D0AC}.Debug|Any CPU.ActiveCfg = Debug|Any CPU
		{05F2CA99-6C9A-4F6F-9AC3-3A7E17A1D0AC}.Debug|Any CPU.Build.0 = Debug|Any CPU
		{05F2CA99-6C9A-4F6F-9AC3-3A7E17A1D0AC}.Release|Any CPU.ActiveCfg = Release|Any CPU
		{05F2CA99-6C9A-4F6F-9AC3-3A7E17A1D0AC}.Release|Any CPU.Build.0 = Release|Any CPU
		{559D0CA6-2876-4914-BA01-25365DF72F82}.Debug|Any CPU.ActiveCfg = Debug|Any CPU
		{559D0CA6-2876-4914-BA01-25365DF72F82}.Debug|Any CPU.Build.0 = Debug|Any CPU
		{559D0CA6-2876-4914-BA01-25365DF72F82}.Release|Any CPU.ActiveCfg = Release|Any CPU
		{559D0CA6-2876-4914-BA01-25365DF72F82}.Release|Any CPU.Build.0 = Release|Any CPU
		{C9EDCC32-F8F5-47A5-B8FD-1633D9140FD3}.Debug|Any CPU.ActiveCfg = Debug|Any CPU
		{C9EDCC32-F8F5-47A5-B8FD-1633D9140FD3}.Debug|Any CPU.Build.0 = Debug|Any CPU
		{C9EDCC32-F8F5-47A5-B8FD-1633D9140FD3}.Release|Any CPU.ActiveCfg = Release|Any CPU
		{C9EDCC32-F8F5-47A5-B8FD-1633D9140FD3}.Release|Any CPU.Build.0 = Release|Any CPU
		{E96A0F94-57DF-4103-B6A8-8208D0C5A4A4}.Debug|Any CPU.ActiveCfg = Debug|Any CPU
		{E96A0F94-57DF-4103-B6A8-8208D0C5A4A4}.Debug|Any CPU.Build.0 = Debug|Any CPU
		{E96A0F94-57DF-4103-B6A8-8208D0C5A4A4}.Release|Any CPU.ActiveCfg = Release|Any CPU
		{E96A0F94-57DF-4103-B6A8-8208D0C5A4A4}.Release|Any CPU.Build.0 = Release|Any CPU
		{EEF10F97-54E5-4932-8084-EB80794DD232}.Debug|Any CPU.ActiveCfg = Debug|Any CPU
		{EEF10F97-54E5-4932-8084-EB80794DD232}.Debug|Any CPU.Build.0 = Debug|Any CPU
		{EEF10F97-54E5-4932-8084-EB80794DD232}.Release|Any CPU.ActiveCfg = Release|Any CPU
		{EEF10F97-54E5-4932-8084-EB80794DD232}.Release|Any CPU.Build.0 = Release|Any CPU
		{CEDD8E9D-88AD-49BD-A2DC-25CC0B1AAD22}.Debug|Any CPU.ActiveCfg = Debug|Any CPU
		{CEDD8E9D-88AD-49BD-A2DC-25CC0B1AAD22}.Debug|Any CPU.Build.0 = Debug|Any CPU
		{CEDD8E9D-88AD-49BD-A2DC-25CC0B1AAD22}.Release|Any CPU.ActiveCfg = Release|Any CPU
		{CEDD8E9D-88AD-49BD-A2DC-25CC0B1AAD22}.Release|Any CPU.Build.0 = Release|Any CPU
		{F7047F72-F320-4639-B9B6-AA4C67A0507B}.Debug|Any CPU.ActiveCfg = Debug|Any CPU
		{F7047F72-F320-4639-B9B6-AA4C67A0507B}.Debug|Any CPU.Build.0 = Debug|Any CPU
		{F7047F72-F320-4639-B9B6-AA4C67A0507B}.Release|Any CPU.ActiveCfg = Release|Any CPU
		{F7047F72-F320-4639-B9B6-AA4C67A0507B}.Release|Any CPU.Build.0 = Release|Any CPU
		{431A5D26-2791-4AE3-945C-E4C5BA056E7E}.Debug|Any CPU.ActiveCfg = Debug|Any CPU
		{431A5D26-2791-4AE3-945C-E4C5BA056E7E}.Debug|Any CPU.Build.0 = Debug|Any CPU
		{431A5D26-2791-4AE3-945C-E4C5BA056E7E}.Release|Any CPU.ActiveCfg = Release|Any CPU
		{431A5D26-2791-4AE3-945C-E4C5BA056E7E}.Release|Any CPU.Build.0 = Release|Any CPU
		{96277948-E757-467A-9AC4-1F4892DC1F4B}.Debug|Any CPU.ActiveCfg = Debug|Any CPU
		{96277948-E757-467A-9AC4-1F4892DC1F4B}.Debug|Any CPU.Build.0 = Debug|Any CPU
		{96277948-E757-467A-9AC4-1F4892DC1F4B}.Release|Any CPU.ActiveCfg = Release|Any CPU
		{96277948-E757-467A-9AC4-1F4892DC1F4B}.Release|Any CPU.Build.0 = Release|Any CPU
		{62DB2D81-D2B5-408C-B358-2461E93589D6}.Debug|Any CPU.ActiveCfg = Debug|Any CPU
		{62DB2D81-D2B5-408C-B358-2461E93589D6}.Debug|Any CPU.Build.0 = Debug|Any CPU
		{62DB2D81-D2B5-408C-B358-2461E93589D6}.Release|Any CPU.ActiveCfg = Release|Any CPU
		{62DB2D81-D2B5-408C-B358-2461E93589D6}.Release|Any CPU.Build.0 = Release|Any CPU
	EndGlobalSection
	GlobalSection(SolutionProperties) = preSolution
		HideSolutionNode = FALSE
	EndGlobalSection
	GlobalSection(ExtensibilityGlobals) = postSolution
		SolutionGuid = {146E8A86-873F-4E8F-A906-CC7F2567DAB5}
	EndGlobalSection
EndGlobal
