
Microsoft Visual Studio Solution File, Format Version 12.00
# Visual Studio Version 17
VisualStudioVersion = 17.11.35312.102
MinimumVisualStudioVersion = 10.0.40219.1
Project("{9A19103F-16F7-4668-BE54-9A1E7A4F7556}") = "Lab05_1", "Lab05_1\Lab05_1.csproj", "{A167837E-9DB0-40DF-B0A4-8B0EB6383D35}"
EndProject
Project("{9A19103F-16F7-4668-BE54-9A1E7A4F7556}") = "Lab05_2", "Lab05_2\Lab05_2.csproj", "{715C0CD0-CC51-499E-A6DB-32724C128A2C}"
EndProject
Project("{FAE04EC0-301F-11D3-BF4B-00C04F79EFBC}") = "Lab05_3", "Lab05_3\Lab05_3.csproj", "{1ECB0D41-8769-4137-8EAA-E6AA707C4296}"
EndProject
Project("{FAE04EC0-301F-11D3-BF4B-00C04F79EFBC}") = "Lab05_4", "Lab05_4\Lab05_4.csproj", "{6C3B379A-CA95-4817-95FE-C6EAE5D572E6}"
EndProject
Project("{FAE04EC0-301F-11D3-BF4B-00C04F79EFBC}") = "Lab05_5", "Lab05_5\Lab05_5.csproj", "{D071AE59-A8FD-48F8-A152-95912DD62A08}"
EndProject
Global
	GlobalSection(SolutionConfigurationPlatforms) = preSolution
		Debug|Any CPU = Debug|Any CPU
		Release|Any CPU = Release|Any CPU
	EndGlobalSection
	GlobalSection(ProjectConfigurationPlatforms) = postSolution
		{A167837E-9DB0-40DF-B0A4-8B0EB6383D35}.Debug|Any CPU.ActiveCfg = Debug|Any CPU
		{A167837E-9DB0-40DF-B0A4-8B0EB6383D35}.Debug|Any CPU.Build.0 = Debug|Any CPU
		{A167837E-9DB0-40DF-B0A4-8B0EB6383D35}.Release|Any CPU.ActiveCfg = Release|Any CPU
		{A167837E-9DB0-40DF-B0A4-8B0EB6383D35}.Release|Any CPU.Build.0 = Release|Any CPU
		{715C0CD0-CC51-499E-A6DB-32724C128A2C}.Debug|Any CPU.ActiveCfg = Debug|Any CPU
		{715C0CD0-CC51-499E-A6DB-32724C128A2C}.Debug|Any CPU.Build.0 = Debug|Any CPU
		{715C0CD0-CC51-499E-A6DB-32724C128A2C}.Release|Any CPU.ActiveCfg = Release|Any CPU
		{715C0CD0-CC51-499E-A6DB-32724C128A2C}.Release|Any CPU.Build.0 = Release|Any CPU
		{1ECB0D41-8769-4137-8EAA-E6AA707C4296}.Debug|Any CPU.ActiveCfg = Debug|Any CPU
		{1ECB0D41-8769-4137-8EAA-E6AA707C4296}.Debug|Any CPU.Build.0 = Debug|Any CPU
		{1ECB0D41-8769-4137-8EAA-E6AA707C4296}.Release|Any CPU.ActiveCfg = Release|Any CPU
		{1ECB0D41-8769-4137-8EAA-E6AA707C4296}.Release|Any CPU.Build.0 = Release|Any CPU
		{6C3B379A-CA95-4817-95FE-C6EAE5D572E6}.Debug|Any CPU.ActiveCfg = Debug|Any CPU
		{6C3B379A-CA95-4817-95FE-C6EAE5D572E6}.Debug|Any CPU.Build.0 = Debug|Any CPU
		{6C3B379A-CA95-4817-95FE-C6EAE5D572E6}.Release|Any CPU.ActiveCfg = Release|Any CPU
		{6C3B379A-CA95-4817-95FE-C6EAE5D572E6}.Release|Any CPU.Build.0 = Release|Any CPU
		{D071AE59-A8FD-48F8-A152-95912DD62A08}.Debug|Any CPU.ActiveCfg = Debug|Any CPU
		{D071AE59-A8FD-48F8-A152-95912DD62A08}.Debug|Any CPU.Build.0 = Debug|Any CPU
		{D071AE59-A8FD-48F8-A152-95912DD62A08}.Release|Any CPU.ActiveCfg = Release|Any CPU
		{D071AE59-A8FD-48F8-A152-95912DD62A08}.Release|Any CPU.Build.0 = Release|Any CPU
	EndGlobalSection
	GlobalSection(SolutionProperties) = preSolution
		HideSolutionNode = FALSE
	EndGlobalSection
	GlobalSection(ExtensibilityGlobals) = postSolution
		SolutionGuid = {4735A400-EC0E-4F08-82EF-AE6579A2ABF8}
	EndGlobalSection
EndGlobal
