
Microsoft Visual Studio Solution File, Format Version 12.00
# Visual Studio Version 17
VisualStudioVersion = 17.11.35312.102
MinimumVisualStudioVersion = 10.0.40219.1
Project("{9A19103F-16F7-4668-BE54-9A1E7A4F7556}") = "Lab01_1", "Lab01_1\Lab01_1.csproj", "{0BE8A274-D81A-43F4-9325-B14DF7E9FE22}"
EndProject
Project("{9A19103F-16F7-4668-BE54-9A1E7A4F7556}") = "Lab01_2", "Lab01_2\Lab01_2.csproj", "{7A5125DF-1729-447B-8AA2-7DAFCEFA26F5}"
EndProject
Project("{9A19103F-16F7-4668-BE54-9A1E7A4F7556}") = "Lab01_3", "Lab01_3\Lab01_3.csproj", "{DF09C431-7077-4C4A-83E1-2050DD873B7E}"
EndProject
Project("{9A19103F-16F7-4668-BE54-9A1E7A4F7556}") = "Lab01_4", "Lab01_4\Lab01_4.csproj", "{FA8D6242-7577-42B3-8993-A27185D672D1}"
EndProject
Project("{9A19103F-16F7-4668-BE54-9A1E7A4F7556}") = "Lab02_1", "Lab02_1\Lab02_1.csproj", "{368378BE-606D-4D9B-B6AF-CF71A4A21BFD}"
EndProject
Project("{9A19103F-16F7-4668-BE54-9A1E7A4F7556}") = "Lab02_2", "Lab02_2\Lab02_2.csproj", "{B692E629-A3DC-4001-AC76-3510E93838A5}"
EndProject
Project("{FAE04EC0-301F-11D3-BF4B-00C04F79EFBC}") = "Lab02_3", "Lab02_3\Lab02_3.csproj", "{C9B58137-7262-4272-B9DE-251D36197D98}"
EndProject
Project("{FAE04EC0-301F-11D3-BF4B-00C04F79EFBC}") = "Lab02_4", "Lab02_4\Lab02_4.csproj", "{B3A86CAD-B804-43CD-BCAA-295F1AEF7A36}"
EndProject
Project("{FAE04EC0-301F-11D3-BF4B-00C04F79EFBC}") = "Lab02_5", "Lab02_5\Lab02_5.csproj", "{5D764C89-11AA-4872-BB4D-F6D04DDA4514}"
EndProject
Project("{FAE04EC0-301F-11D3-BF4B-00C04F79EFBC}") = "Lab02_6", "Lab02_6\Lab02_6.csproj", "{452F94E6-E23B-4D6F-AE7C-6313AA924DC3}"
EndProject
Project("{FAE04EC0-301F-11D3-BF4B-00C04F79EFBC}") = "Lab02_7", "Lab02_7\Lab02_7.csproj", "{0135BC9F-9DFB-48CA-9345-230E34E9D926}"
EndProject
Project("{FAE04EC0-301F-11D3-BF4B-00C04F79EFBC}") = "Lab02_8", "Lab02_8\Lab02_8.csproj", "{C0EBBF27-DCE0-4A50-A275-8987E8A5F377}"
EndProject
Project("{FAE04EC0-301F-11D3-BF4B-00C04F79EFBC}") = "Lab02_9", "Lab02_9\Lab02_9.csproj", "{A5910EE7-084A-464D-B052-52980C2EFCCF}"
EndProject
Project("{FAE04EC0-301F-11D3-BF4B-00C04F79EFBC}") = "Lab02_10", "Lab02_10\Lab02_10.csproj", "{C2A71333-DC38-4E2C-AEDC-5F653A8EE076}"
EndProject
Project("{FAE04EC0-301F-11D3-BF4B-00C04F79EFBC}") = "Lab02_11", "Lab02_11\Lab02_11.csproj", "{9A68CA81-6982-4FF3-BDF2-F3FBBD73A3A7}"
EndProject
Project("{FAE04EC0-301F-11D3-BF4B-00C04F79EFBC}") = "Lab02_12", "Lab02_12\Lab02_12.csproj", "{0B668CDB-4E91-4958-81AD-A14AE256E4D1}"
EndProject
Project("{FAE04EC0-301F-11D3-BF4B-00C04F79EFBC}") = "Lab02_13", "Lab02_13\Lab02_13.csproj", "{13D70152-2CAC-4A3E-BDD7-A001FBC6F609}"
EndProject
Project("{FAE04EC0-301F-11D3-BF4B-00C04F79EFBC}") = "Lab02_14", "Lab02_14\Lab02_14.csproj", "{1E363382-37E9-4BA5-979C-87E1235A981B}"
EndProject
Project("{FAE04EC0-301F-11D3-BF4B-00C04F79EFBC}") = "Lab02_15", "Lab02_15\Lab02_15.csproj", "{6B1C9F41-0450-47E9-A9AC-7A7BEEC30241}"
EndProject
Global
	GlobalSection(SolutionConfigurationPlatforms) = preSolution
		Debug|Any CPU = Debug|Any CPU
		Release|Any CPU = Release|Any CPU
	EndGlobalSection
	GlobalSection(ProjectConfigurationPlatforms) = postSolution
		{0BE8A274-D81A-43F4-9325-B14DF7E9FE22}.Debug|Any CPU.ActiveCfg = Debug|Any CPU
		{0BE8A274-D81A-43F4-9325-B14DF7E9FE22}.Debug|Any CPU.Build.0 = Debug|Any CPU
		{0BE8A274-D81A-43F4-9325-B14DF7E9FE22}.Release|Any CPU.ActiveCfg = Release|Any CPU
		{0BE8A274-D81A-43F4-9325-B14DF7E9FE22}.Release|Any CPU.Build.0 = Release|Any CPU
		{7A5125DF-1729-447B-8AA2-7DAFCEFA26F5}.Debug|Any CPU.ActiveCfg = Debug|Any CPU
		{7A5125DF-1729-447B-8AA2-7DAFCEFA26F5}.Debug|Any CPU.Build.0 = Debug|Any CPU
		{7A5125DF-1729-447B-8AA2-7DAFCEFA26F5}.Release|Any CPU.ActiveCfg = Release|Any CPU
		{7A5125DF-1729-447B-8AA2-7DAFCEFA26F5}.Release|Any CPU.Build.0 = Release|Any CPU
		{DF09C431-7077-4C4A-83E1-2050DD873B7E}.Debug|Any CPU.ActiveCfg = Debug|Any CPU
		{DF09C431-7077-4C4A-83E1-2050DD873B7E}.Debug|Any CPU.Build.0 = Debug|Any CPU
		{DF09C431-7077-4C4A-83E1-2050DD873B7E}.Release|Any CPU.ActiveCfg = Release|Any CPU
		{DF09C431-7077-4C4A-83E1-2050DD873B7E}.Release|Any CPU.Build.0 = Release|Any CPU
		{FA8D6242-7577-42B3-8993-A27185D672D1}.Debug|Any CPU.ActiveCfg = Debug|Any CPU
		{FA8D6242-7577-42B3-8993-A27185D672D1}.Debug|Any CPU.Build.0 = Debug|Any CPU
		{FA8D6242-7577-42B3-8993-A27185D672D1}.Release|Any CPU.ActiveCfg = Release|Any CPU
		{FA8D6242-7577-42B3-8993-A27185D672D1}.Release|Any CPU.Build.0 = Release|Any CPU
		{368378BE-606D-4D9B-B6AF-CF71A4A21BFD}.Debug|Any CPU.ActiveCfg = Debug|Any CPU
		{368378BE-606D-4D9B-B6AF-CF71A4A21BFD}.Debug|Any CPU.Build.0 = Debug|Any CPU
		{368378BE-606D-4D9B-B6AF-CF71A4A21BFD}.Release|Any CPU.ActiveCfg = Release|Any CPU
		{368378BE-606D-4D9B-B6AF-CF71A4A21BFD}.Release|Any CPU.Build.0 = Release|Any CPU
		{B692E629-A3DC-4001-AC76-3510E93838A5}.Debug|Any CPU.ActiveCfg = Debug|Any CPU
		{B692E629-A3DC-4001-AC76-3510E93838A5}.Debug|Any CPU.Build.0 = Debug|Any CPU
		{B692E629-A3DC-4001-AC76-3510E93838A5}.Release|Any CPU.ActiveCfg = Release|Any CPU
		{B692E629-A3DC-4001-AC76-3510E93838A5}.Release|Any CPU.Build.0 = Release|Any CPU
		{C9B58137-7262-4272-B9DE-251D36197D98}.Debug|Any CPU.ActiveCfg = Debug|Any CPU
		{C9B58137-7262-4272-B9DE-251D36197D98}.Debug|Any CPU.Build.0 = Debug|Any CPU
		{C9B58137-7262-4272-B9DE-251D36197D98}.Release|Any CPU.ActiveCfg = Release|Any CPU
		{C9B58137-7262-4272-B9DE-251D36197D98}.Release|Any CPU.Build.0 = Release|Any CPU
		{B3A86CAD-B804-43CD-BCAA-295F1AEF7A36}.Debug|Any CPU.ActiveCfg = Debug|Any CPU
		{B3A86CAD-B804-43CD-BCAA-295F1AEF7A36}.Debug|Any CPU.Build.0 = Debug|Any CPU
		{B3A86CAD-B804-43CD-BCAA-295F1AEF7A36}.Release|Any CPU.ActiveCfg = Release|Any CPU
		{B3A86CAD-B804-43CD-BCAA-295F1AEF7A36}.Release|Any CPU.Build.0 = Release|Any CPU
		{5D764C89-11AA-4872-BB4D-F6D04DDA4514}.Debug|Any CPU.ActiveCfg = Debug|Any CPU
		{5D764C89-11AA-4872-BB4D-F6D04DDA4514}.Debug|Any CPU.Build.0 = Debug|Any CPU
		{5D764C89-11AA-4872-BB4D-F6D04DDA4514}.Release|Any CPU.ActiveCfg = Release|Any CPU
		{5D764C89-11AA-4872-BB4D-F6D04DDA4514}.Release|Any CPU.Build.0 = Release|Any CPU
		{452F94E6-E23B-4D6F-AE7C-6313AA924DC3}.Debug|Any CPU.ActiveCfg = Debug|Any CPU
		{452F94E6-E23B-4D6F-AE7C-6313AA924DC3}.Debug|Any CPU.Build.0 = Debug|Any CPU
		{452F94E6-E23B-4D6F-AE7C-6313AA924DC3}.Release|Any CPU.ActiveCfg = Release|Any CPU
		{452F94E6-E23B-4D6F-AE7C-6313AA924DC3}.Release|Any CPU.Build.0 = Release|Any CPU
		{0135BC9F-9DFB-48CA-9345-230E34E9D926}.Debug|Any CPU.ActiveCfg = Debug|Any CPU
		{0135BC9F-9DFB-48CA-9345-230E34E9D926}.Debug|Any CPU.Build.0 = Debug|Any CPU
		{0135BC9F-9DFB-48CA-9345-230E34E9D926}.Release|Any CPU.ActiveCfg = Release|Any CPU
		{0135BC9F-9DFB-48CA-9345-230E34E9D926}.Release|Any CPU.Build.0 = Release|Any CPU
		{C0EBBF27-DCE0-4A50-A275-8987E8A5F377}.Debug|Any CPU.ActiveCfg = Debug|Any CPU
		{C0EBBF27-DCE0-4A50-A275-8987E8A5F377}.Debug|Any CPU.Build.0 = Debug|Any CPU
		{C0EBBF27-DCE0-4A50-A275-8987E8A5F377}.Release|Any CPU.ActiveCfg = Release|Any CPU
		{C0EBBF27-DCE0-4A50-A275-8987E8A5F377}.Release|Any CPU.Build.0 = Release|Any CPU
		{A5910EE7-084A-464D-B052-52980C2EFCCF}.Debug|Any CPU.ActiveCfg = Debug|Any CPU
		{A5910EE7-084A-464D-B052-52980C2EFCCF}.Debug|Any CPU.Build.0 = Debug|Any CPU
		{A5910EE7-084A-464D-B052-52980C2EFCCF}.Release|Any CPU.ActiveCfg = Release|Any CPU
		{A5910EE7-084A-464D-B052-52980C2EFCCF}.Release|Any CPU.Build.0 = Release|Any CPU
		{C2A71333-DC38-4E2C-AEDC-5F653A8EE076}.Debug|Any CPU.ActiveCfg = Debug|Any CPU
		{C2A71333-DC38-4E2C-AEDC-5F653A8EE076}.Debug|Any CPU.Build.0 = Debug|Any CPU
		{C2A71333-DC38-4E2C-AEDC-5F653A8EE076}.Release|Any CPU.ActiveCfg = Release|Any CPU
		{C2A71333-DC38-4E2C-AEDC-5F653A8EE076}.Release|Any CPU.Build.0 = Release|Any CPU
		{9A68CA81-6982-4FF3-BDF2-F3FBBD73A3A7}.Debug|Any CPU.ActiveCfg = Debug|Any CPU
		{9A68CA81-6982-4FF3-BDF2-F3FBBD73A3A7}.Debug|Any CPU.Build.0 = Debug|Any CPU
		{9A68CA81-6982-4FF3-BDF2-F3FBBD73A3A7}.Release|Any CPU.ActiveCfg = Release|Any CPU
		{9A68CA81-6982-4FF3-BDF2-F3FBBD73A3A7}.Release|Any CPU.Build.0 = Release|Any CPU
		{0B668CDB-4E91-4958-81AD-A14AE256E4D1}.Debug|Any CPU.ActiveCfg = Debug|Any CPU
		{0B668CDB-4E91-4958-81AD-A14AE256E4D1}.Debug|Any CPU.Build.0 = Debug|Any CPU
		{0B668CDB-4E91-4958-81AD-A14AE256E4D1}.Release|Any CPU.ActiveCfg = Release|Any CPU
		{0B668CDB-4E91-4958-81AD-A14AE256E4D1}.Release|Any CPU.Build.0 = Release|Any CPU
		{13D70152-2CAC-4A3E-BDD7-A001FBC6F609}.Debug|Any CPU.ActiveCfg = Debug|Any CPU
		{13D70152-2CAC-4A3E-BDD7-A001FBC6F609}.Debug|Any CPU.Build.0 = Debug|Any CPU
		{13D70152-2CAC-4A3E-BDD7-A001FBC6F609}.Release|Any CPU.ActiveCfg = Release|Any CPU
		{13D70152-2CAC-4A3E-BDD7-A001FBC6F609}.Release|Any CPU.Build.0 = Release|Any CPU
		{1E363382-37E9-4BA5-979C-87E1235A981B}.Debug|Any CPU.ActiveCfg = Debug|Any CPU
		{1E363382-37E9-4BA5-979C-87E1235A981B}.Debug|Any CPU.Build.0 = Debug|Any CPU
		{1E363382-37E9-4BA5-979C-87E1235A981B}.Release|Any CPU.ActiveCfg = Release|Any CPU
		{1E363382-37E9-4BA5-979C-87E1235A981B}.Release|Any CPU.Build.0 = Release|Any CPU
		{6B1C9F41-0450-47E9-A9AC-7A7BEEC30241}.Debug|Any CPU.ActiveCfg = Debug|Any CPU
		{6B1C9F41-0450-47E9-A9AC-7A7BEEC30241}.Debug|Any CPU.Build.0 = Debug|Any CPU
		{6B1C9F41-0450-47E9-A9AC-7A7BEEC30241}.Release|Any CPU.ActiveCfg = Release|Any CPU
		{6B1C9F41-0450-47E9-A9AC-7A7BEEC30241}.Release|Any CPU.Build.0 = Release|Any CPU
	EndGlobalSection
	GlobalSection(SolutionProperties) = preSolution
		HideSolutionNode = FALSE
	EndGlobalSection
	GlobalSection(ExtensibilityGlobals) = postSolution
		SolutionGuid = {9EA8F1A5-0621-4326-9C0C-06FEA6F19D46}
	EndGlobalSection
EndGlobal
